
Microsoft Visual Studio Solution File, Format Version 12.00
# Visual Studio Version 16
VisualStudioVersion = 16.0.30320.27
MinimumVisualStudioVersion = 10.0.40219.1
Project("{9A19103F-16F7-4668-BE54-9A1E7A4F7556}") = "SolarWinds.InformationService.Contract", "Contract\SolarWinds.InformationService.Contract.csproj", "{7AB6A2C2-AD8F-40AF-9527-B12EB4B78B0A}"
EndProject
Project("{9A19103F-16F7-4668-BE54-9A1E7A4F7556}") = "SwisPowerShell", "SwisPowerShell\SwisPowerShell.csproj", "{CEBB636F-B1BC-4C1D-847C-B059532B4699}"
EndProject
Project("{9A19103F-16F7-4668-BE54-9A1E7A4F7556}") = "SwqlStudio", "SwqlStudio\SwqlStudio.csproj", "{B4F89558-AE9F-4704-B210-6949EF8DD65B}"
EndProject
Project("{9A19103F-16F7-4668-BE54-9A1E7A4F7556}") = "InformationService.Contract.Tests", "Contract\Tests\InformationService.Contract.Tests\InformationService.Contract.Tests.csproj", "{C4202EEB-7DD5-4FF3-A1F7-047F163C3D23}"
EndProject
Project("{9A19103F-16F7-4668-BE54-9A1E7A4F7556}") = "SwisPowerShell.Tests", "..\Test\SwisPowerShell.Tests\SwisPowerShell.Tests.csproj", "{164BEA87-FC26-4588-99AA-2F47174AE368}"
EndProject
Project("{9A19103F-16F7-4668-BE54-9A1E7A4F7556}") = "SwqlStudio.Tests", "..\Test\SwqlStudio.Tests\SwqlStudio.Tests.csproj", "{763D0053-96D4-44C8-B68C-C3EE1D9D406F}"
EndProject
Global
	GlobalSection(SolutionConfigurationPlatforms) = preSolution
		Debug|Any CPU = Debug|Any CPU
		Debug|Mixed Platforms = Debug|Mixed Platforms
		Debug|x86 = Debug|x86
		Release|Any CPU = Release|Any CPU
		Release|Mixed Platforms = Release|Mixed Platforms
		Release|x86 = Release|x86
	EndGlobalSection
	GlobalSection(ProjectConfigurationPlatforms) = postSolution
		{7AB6A2C2-AD8F-40AF-9527-B12EB4B78B0A}.Debug|Any CPU.ActiveCfg = Debug|Any CPU
		{7AB6A2C2-AD8F-40AF-9527-B12EB4B78B0A}.Debug|Any CPU.Build.0 = Debug|Any CPU
		{7AB6A2C2-AD8F-40AF-9527-B12EB4B78B0A}.Debug|Mixed Platforms.ActiveCfg = Debug|Any CPU
		{7AB6A2C2-AD8F-40AF-9527-B12EB4B78B0A}.Debug|Mixed Platforms.Build.0 = Debug|Any CPU
		{7AB6A2C2-AD8F-40AF-9527-B12EB4B78B0A}.Debug|x86.ActiveCfg = Debug|Any CPU
		{7AB6A2C2-AD8F-40AF-9527-B12EB4B78B0A}.Release|Any CPU.ActiveCfg = Release|Any CPU
		{7AB6A2C2-AD8F-40AF-9527-B12EB4B78B0A}.Release|Any CPU.Build.0 = Release|Any CPU
		{7AB6A2C2-AD8F-40AF-9527-B12EB4B78B0A}.Release|Mixed Platforms.ActiveCfg = Release|Any CPU
		{7AB6A2C2-AD8F-40AF-9527-B12EB4B78B0A}.Release|Mixed Platforms.Build.0 = Release|Any CPU
		{7AB6A2C2-AD8F-40AF-9527-B12EB4B78B0A}.Release|x86.ActiveCfg = Release|Any CPU
		{CEBB636F-B1BC-4C1D-847C-B059532B4699}.Debug|Any CPU.ActiveCfg = Debug|Any CPU
		{CEBB636F-B1BC-4C1D-847C-B059532B4699}.Debug|Any CPU.Build.0 = Debug|Any CPU
		{CEBB636F-B1BC-4C1D-847C-B059532B4699}.Debug|Mixed Platforms.ActiveCfg = Debug|Any CPU
		{CEBB636F-B1BC-4C1D-847C-B059532B4699}.Debug|Mixed Platforms.Build.0 = Debug|Any CPU
		{CEBB636F-B1BC-4C1D-847C-B059532B4699}.Debug|x86.ActiveCfg = Debug|Any CPU
		{CEBB636F-B1BC-4C1D-847C-B059532B4699}.Release|Any CPU.ActiveCfg = Release|Any CPU
		{CEBB636F-B1BC-4C1D-847C-B059532B4699}.Release|Any CPU.Build.0 = Release|Any CPU
		{CEBB636F-B1BC-4C1D-847C-B059532B4699}.Release|Mixed Platforms.ActiveCfg = Release|Any CPU
		{CEBB636F-B1BC-4C1D-847C-B059532B4699}.Release|Mixed Platforms.Build.0 = Release|Any CPU
		{CEBB636F-B1BC-4C1D-847C-B059532B4699}.Release|x86.ActiveCfg = Release|Any CPU
		{B4F89558-AE9F-4704-B210-6949EF8DD65B}.Debug|Any CPU.ActiveCfg = Debug|Any CPU
		{B4F89558-AE9F-4704-B210-6949EF8DD65B}.Debug|Any CPU.Build.0 = Debug|Any CPU
		{B4F89558-AE9F-4704-B210-6949EF8DD65B}.Debug|Mixed Platforms.ActiveCfg = Debug|Any CPU
		{B4F89558-AE9F-4704-B210-6949EF8DD65B}.Debug|Mixed Platforms.Build.0 = Debug|Any CPU
		{B4F89558-AE9F-4704-B210-6949EF8DD65B}.Debug|x86.ActiveCfg = Debug|Any CPU
		{B4F89558-AE9F-4704-B210-6949EF8DD65B}.Release|Any CPU.ActiveCfg = Release|Any CPU
		{B4F89558-AE9F-4704-B210-6949EF8DD65B}.Release|Any CPU.Build.0 = Release|Any CPU
		{B4F89558-AE9F-4704-B210-6949EF8DD65B}.Release|Mixed Platforms.ActiveCfg = Release|Any CPU
		{B4F89558-AE9F-4704-B210-6949EF8DD65B}.Release|Mixed Platforms.Build.0 = Release|Any CPU
		{B4F89558-AE9F-4704-B210-6949EF8DD65B}.Release|x86.ActiveCfg = Release|Any CPU
		{C4202EEB-7DD5-4FF3-A1F7-047F163C3D23}.Debug|Any CPU.ActiveCfg = Debug|Any CPU
		{C4202EEB-7DD5-4FF3-A1F7-047F163C3D23}.Debug|Any CPU.Build.0 = Debug|Any CPU
		{C4202EEB-7DD5-4FF3-A1F7-047F163C3D23}.Debug|Mixed Platforms.ActiveCfg = Debug|Any CPU
		{C4202EEB-7DD5-4FF3-A1F7-047F163C3D23}.Debug|Mixed Platforms.Build.0 = Debug|Any CPU
		{C4202EEB-7DD5-4FF3-A1F7-047F163C3D23}.Debug|x86.ActiveCfg = Debug|Any CPU
		{C4202EEB-7DD5-4FF3-A1F7-047F163C3D23}.Release|Any CPU.ActiveCfg = Release|Any CPU
		{C4202EEB-7DD5-4FF3-A1F7-047F163C3D23}.Release|Any CPU.Build.0 = Release|Any CPU
		{C4202EEB-7DD5-4FF3-A1F7-047F163C3D23}.Release|Mixed Platforms.ActiveCfg = Release|Any CPU
		{C4202EEB-7DD5-4FF3-A1F7-047F163C3D23}.Release|Mixed Platforms.Build.0 = Release|Any CPU
		{C4202EEB-7DD5-4FF3-A1F7-047F163C3D23}.Release|x86.ActiveCfg = Release|Any CPU
		{164BEA87-FC26-4588-99AA-2F47174AE368}.Debug|Any CPU.ActiveCfg = Debug|Any CPU
		{164BEA87-FC26-4588-99AA-2F47174AE368}.Debug|Any CPU.Build.0 = Debug|Any CPU
		{164BEA87-FC26-4588-99AA-2F47174AE368}.Debug|Mixed Platforms.ActiveCfg = Debug|Any CPU
		{164BEA87-FC26-4588-99AA-2F47174AE368}.Debug|Mixed Platforms.Build.0 = Debug|Any CPU
		{164BEA87-FC26-4588-99AA-2F47174AE368}.Debug|x86.ActiveCfg = Debug|Any CPU
		{164BEA87-FC26-4588-99AA-2F47174AE368}.Debug|x86.Build.0 = Debug|Any CPU
		{164BEA87-FC26-4588-99AA-2F47174AE368}.Release|Any CPU.ActiveCfg = Release|Any CPU
		{164BEA87-FC26-4588-99AA-2F47174AE368}.Release|Any CPU.Build.0 = Release|Any CPU
		{164BEA87-FC26-4588-99AA-2F47174AE368}.Release|Mixed Platforms.ActiveCfg = Release|Any CPU
		{164BEA87-FC26-4588-99AA-2F47174AE368}.Release|Mixed Platforms.Build.0 = Release|Any CPU
		{164BEA87-FC26-4588-99AA-2F47174AE368}.Release|x86.ActiveCfg = Release|Any CPU
		{164BEA87-FC26-4588-99AA-2F47174AE368}.Release|x86.Build.0 = Release|Any CPU
		{763D0053-96D4-44C8-B68C-C3EE1D9D406F}.Debug|Any CPU.ActiveCfg = Debug|Any CPU
		{763D0053-96D4-44C8-B68C-C3EE1D9D406F}.Debug|Any CPU.Build.0 = Debug|Any CPU
		{763D0053-96D4-44C8-B68C-C3EE1D9D406F}.Debug|Mixed Platforms.ActiveCfg = Debug|Any CPU
		{763D0053-96D4-44C8-B68C-C3EE1D9D406F}.Debug|Mixed Platforms.Build.0 = Debug|Any CPU
		{763D0053-96D4-44C8-B68C-C3EE1D9D406F}.Debug|x86.ActiveCfg = Debug|Any CPU
		{763D0053-96D4-44C8-B68C-C3EE1D9D406F}.Debug|x86.Build.0 = Debug|Any CPU
		{763D0053-96D4-44C8-B68C-C3EE1D9D406F}.Release|Any CPU.ActiveCfg = Release|Any CPU
		{763D0053-96D4-44C8-B68C-C3EE1D9D406F}.Release|Any CPU.Build.0 = Release|Any CPU
		{763D0053-96D4-44C8-B68C-C3EE1D9D406F}.Release|Mixed Platforms.ActiveCfg = Release|Any CPU
		{763D0053-96D4-44C8-B68C-C3EE1D9D406F}.Release|Mixed Platforms.Build.0 = Release|Any CPU
		{763D0053-96D4-44C8-B68C-C3EE1D9D406F}.Release|x86.ActiveCfg = Release|Any CPU
		{763D0053-96D4-44C8-B68C-C3EE1D9D406F}.Release|x86.Build.0 = Release|Any CPU
	EndGlobalSection
	GlobalSection(SolutionProperties) = preSolution
		HideSolutionNode = FALSE
	EndGlobalSection
	GlobalSection(ExtensibilityGlobals) = postSolution
		SolutionGuid = {75C44FFB-E5C4-47CC-AA3C-9C461291F7E2}
	EndGlobalSection
EndGlobal
