
Microsoft Visual Studio Solution File, Format Version 12.00
# Visual Studio 2013
VisualStudioVersion = 12.0.31101.0
MinimumVisualStudioVersion = 10.0.40219.1
Project("{FAE04EC0-301F-11D3-BF4B-00C04F79EFBC}") = "SolarWinds.InformationService.Contract", "Contract\SolarWinds.InformationService.Contract.csproj", "{7AB6A2C2-AD8F-40AF-9527-B12EB4B78B0A}"
EndProject
Project("{FAE04EC0-301F-11D3-BF4B-00C04F79EFBC}") = "SolarWinds.Logging", "Logging\SolarWinds.Logging.csproj", "{D6A25E78-F75D-4368-8244-BB33AAAA4AB2}"
EndProject
Project("{FAE04EC0-301F-11D3-BF4B-00C04F79EFBC}") = "SwisPowerShell", "SwisPowerShell\SwisPowerShell.csproj", "{CEBB636F-B1BC-4C1D-847C-B059532B4699}"
EndProject
Project("{FAE04EC0-301F-11D3-BF4B-00C04F79EFBC}") = "SwqlStudio", "SwqlStudio\SwqlStudio.csproj", "{B4F89558-AE9F-4704-B210-6949EF8DD65B}"
EndProject
Project("{FAE04EC0-301F-11D3-BF4B-00C04F79EFBC}") = "InformationService.Contract.Tests", "Contract\Tests\InformationService.Contract.Tests\InformationService.Contract.Tests.csproj", "{C4202EEB-7DD5-4FF3-A1F7-047F163C3D23}"
EndProject
Project("{2150E333-8FDC-42A3-9474-1A3956D46DE8}") = ".nuget", ".nuget", "{B5A3FB29-EA40-41D5-BB98-3D774D2421F1}"
	ProjectSection(SolutionItems) = preProject
		.nuget\NuGet.Config = .nuget\NuGet.Config
		.nuget\NuGet.exe = .nuget\NuGet.exe
		.nuget\NuGet.targets = .nuget\NuGet.targets
	EndProjectSection
EndProject
Project("{930C7802-8A8C-48F9-8165-68863BCCD9DD}") = "Install", "Install\Install.wixproj", "{A4F45F6E-7155-46E9-B099-A87D05310021}"
EndProject
Global
	GlobalSection(SolutionConfigurationPlatforms) = preSolution
		Debug|Any CPU = Debug|Any CPU
		Debug|Mixed Platforms = Debug|Mixed Platforms
		Debug|x86 = Debug|x86
		Release|Any CPU = Release|Any CPU
		Release|Mixed Platforms = Release|Mixed Platforms
		Release|x86 = Release|x86
	EndGlobalSection
	GlobalSection(ProjectConfigurationPlatforms) = postSolution
		{7AB6A2C2-AD8F-40AF-9527-B12EB4B78B0A}.Debug|Any CPU.ActiveCfg = Debug|Any CPU
		{7AB6A2C2-AD8F-40AF-9527-B12EB4B78B0A}.Debug|Any CPU.Build.0 = Debug|Any CPU
		{7AB6A2C2-AD8F-40AF-9527-B12EB4B78B0A}.Debug|Mixed Platforms.ActiveCfg = Debug|Any CPU
		{7AB6A2C2-AD8F-40AF-9527-B12EB4B78B0A}.Debug|Mixed Platforms.Build.0 = Debug|Any CPU
		{7AB6A2C2-AD8F-40AF-9527-B12EB4B78B0A}.Debug|x86.ActiveCfg = Debug|Any CPU
		{7AB6A2C2-AD8F-40AF-9527-B12EB4B78B0A}.Release|Any CPU.ActiveCfg = Release|Any CPU
		{7AB6A2C2-AD8F-40AF-9527-B12EB4B78B0A}.Release|Any CPU.Build.0 = Release|Any CPU
		{7AB6A2C2-AD8F-40AF-9527-B12EB4B78B0A}.Release|Mixed Platforms.ActiveCfg = Release|Any CPU
		{7AB6A2C2-AD8F-40AF-9527-B12EB4B78B0A}.Release|Mixed Platforms.Build.0 = Release|Any CPU
		{7AB6A2C2-AD8F-40AF-9527-B12EB4B78B0A}.Release|x86.ActiveCfg = Release|Any CPU
		{D6A25E78-F75D-4368-8244-BB33AAAA4AB2}.Debug|Any CPU.ActiveCfg = Debug|Any CPU
		{D6A25E78-F75D-4368-8244-BB33AAAA4AB2}.Debug|Any CPU.Build.0 = Debug|Any CPU
		{D6A25E78-F75D-4368-8244-BB33AAAA4AB2}.Debug|Mixed Platforms.ActiveCfg = Debug|Any CPU
		{D6A25E78-F75D-4368-8244-BB33AAAA4AB2}.Debug|Mixed Platforms.Build.0 = Debug|Any CPU
		{D6A25E78-F75D-4368-8244-BB33AAAA4AB2}.Debug|x86.ActiveCfg = Debug|Any CPU
		{D6A25E78-F75D-4368-8244-BB33AAAA4AB2}.Release|Any CPU.ActiveCfg = Release|Any CPU
		{D6A25E78-F75D-4368-8244-BB33AAAA4AB2}.Release|Any CPU.Build.0 = Release|Any CPU
		{D6A25E78-F75D-4368-8244-BB33AAAA4AB2}.Release|Mixed Platforms.ActiveCfg = Release|Any CPU
		{D6A25E78-F75D-4368-8244-BB33AAAA4AB2}.Release|Mixed Platforms.Build.0 = Release|Any CPU
		{D6A25E78-F75D-4368-8244-BB33AAAA4AB2}.Release|x86.ActiveCfg = Release|Any CPU
		{CEBB636F-B1BC-4C1D-847C-B059532B4699}.Debug|Any CPU.ActiveCfg = Debug|Any CPU
		{CEBB636F-B1BC-4C1D-847C-B059532B4699}.Debug|Any CPU.Build.0 = Debug|Any CPU
		{CEBB636F-B1BC-4C1D-847C-B059532B4699}.Debug|Mixed Platforms.ActiveCfg = Debug|Any CPU
		{CEBB636F-B1BC-4C1D-847C-B059532B4699}.Debug|Mixed Platforms.Build.0 = Debug|Any CPU
		{CEBB636F-B1BC-4C1D-847C-B059532B4699}.Debug|x86.ActiveCfg = Debug|Any CPU
		{CEBB636F-B1BC-4C1D-847C-B059532B4699}.Release|Any CPU.ActiveCfg = Release|Any CPU
		{CEBB636F-B1BC-4C1D-847C-B059532B4699}.Release|Any CPU.Build.0 = Release|Any CPU
		{CEBB636F-B1BC-4C1D-847C-B059532B4699}.Release|Mixed Platforms.ActiveCfg = Release|Any CPU
		{CEBB636F-B1BC-4C1D-847C-B059532B4699}.Release|Mixed Platforms.Build.0 = Release|Any CPU
		{CEBB636F-B1BC-4C1D-847C-B059532B4699}.Release|x86.ActiveCfg = Release|Any CPU
		{B4F89558-AE9F-4704-B210-6949EF8DD65B}.Debug|Any CPU.ActiveCfg = Debug|Any CPU
		{B4F89558-AE9F-4704-B210-6949EF8DD65B}.Debug|Any CPU.Build.0 = Debug|Any CPU
		{B4F89558-AE9F-4704-B210-6949EF8DD65B}.Debug|Mixed Platforms.ActiveCfg = Debug|Any CPU
		{B4F89558-AE9F-4704-B210-6949EF8DD65B}.Debug|Mixed Platforms.Build.0 = Debug|Any CPU
		{B4F89558-AE9F-4704-B210-6949EF8DD65B}.Debug|x86.ActiveCfg = Debug|Any CPU
		{B4F89558-AE9F-4704-B210-6949EF8DD65B}.Release|Any CPU.ActiveCfg = Release|Any CPU
		{B4F89558-AE9F-4704-B210-6949EF8DD65B}.Release|Any CPU.Build.0 = Release|Any CPU
		{B4F89558-AE9F-4704-B210-6949EF8DD65B}.Release|Mixed Platforms.ActiveCfg = Release|Any CPU
		{B4F89558-AE9F-4704-B210-6949EF8DD65B}.Release|Mixed Platforms.Build.0 = Release|Any CPU
		{B4F89558-AE9F-4704-B210-6949EF8DD65B}.Release|x86.ActiveCfg = Release|Any CPU
		{C4202EEB-7DD5-4FF3-A1F7-047F163C3D23}.Debug|Any CPU.ActiveCfg = Debug|Any CPU
		{C4202EEB-7DD5-4FF3-A1F7-047F163C3D23}.Debug|Any CPU.Build.0 = Debug|Any CPU
		{C4202EEB-7DD5-4FF3-A1F7-047F163C3D23}.Debug|Mixed Platforms.ActiveCfg = Debug|Any CPU
		{C4202EEB-7DD5-4FF3-A1F7-047F163C3D23}.Debug|Mixed Platforms.Build.0 = Debug|Any CPU
		{C4202EEB-7DD5-4FF3-A1F7-047F163C3D23}.Debug|x86.ActiveCfg = Debug|Any CPU
		{C4202EEB-7DD5-4FF3-A1F7-047F163C3D23}.Release|Any CPU.ActiveCfg = Release|Any CPU
		{C4202EEB-7DD5-4FF3-A1F7-047F163C3D23}.Release|Any CPU.Build.0 = Release|Any CPU
		{C4202EEB-7DD5-4FF3-A1F7-047F163C3D23}.Release|Mixed Platforms.ActiveCfg = Release|Any CPU
		{C4202EEB-7DD5-4FF3-A1F7-047F163C3D23}.Release|Mixed Platforms.Build.0 = Release|Any CPU
		{C4202EEB-7DD5-4FF3-A1F7-047F163C3D23}.Release|x86.ActiveCfg = Release|Any CPU
		{A4F45F6E-7155-46E9-B099-A87D05310021}.Debug|Any CPU.ActiveCfg = Debug|x86
		{A4F45F6E-7155-46E9-B099-A87D05310021}.Debug|Mixed Platforms.ActiveCfg = Debug|x86
		{A4F45F6E-7155-46E9-B099-A87D05310021}.Debug|Mixed Platforms.Build.0 = Debug|x86
		{A4F45F6E-7155-46E9-B099-A87D05310021}.Debug|x86.ActiveCfg = Debug|x86
		{A4F45F6E-7155-46E9-B099-A87D05310021}.Debug|x86.Build.0 = Debug|x86
		{A4F45F6E-7155-46E9-B099-A87D05310021}.Release|Any CPU.ActiveCfg = Release|x86
		{A4F45F6E-7155-46E9-B099-A87D05310021}.Release|Mixed Platforms.ActiveCfg = Release|x86
		{A4F45F6E-7155-46E9-B099-A87D05310021}.Release|Mixed Platforms.Build.0 = Release|x86
		{A4F45F6E-7155-46E9-B099-A87D05310021}.Release|x86.ActiveCfg = Release|x86
		{A4F45F6E-7155-46E9-B099-A87D05310021}.Release|x86.Build.0 = Release|x86
	EndGlobalSection
	GlobalSection(SolutionProperties) = preSolution
		HideSolutionNode = FALSE
	EndGlobalSection
EndGlobal
